
Microsoft Visual Studio Solution File, Format Version 12.00
# Visual Studio 15
VisualStudioVersion = 15.0.26124.0
MinimumVisualStudioVersion = 15.0.26124.0
Project("{9A19103F-16F7-4668-BE54-9A1E7A4F7556}") = "IndoorPositioning.Beacon.Core", "IndoorPositioning.Beacon.Core\IndoorPositioning.Beacon.Core.csproj", "{62BA2DF4-D834-4F68-B87C-A9493E6E9EC6}"
EndProject
Project("{9A19103F-16F7-4668-BE54-9A1E7A4F7556}") = "IndoorPositioning.Consumer.Api", "IndoorPositioning.Consumer.Api\IndoorPositioning.Consumer.Api.csproj", "{F3876DE8-9382-436C-9DC1-8D8EE121977E}"
EndProject
Project("{9A19103F-16F7-4668-BE54-9A1E7A4F7556}") = "IndoorPositioning.Web", "IndoorPositioning.Web\IndoorPositioning.Web.csproj", "{2CC7D56A-8C37-468C-A854-7380CEA7AD83}"
EndProject
Project("{FAE04EC0-301F-11D3-BF4B-00C04F79EFBC}") = "IndoorPositioning.Beacon.Bluetooth", "IndoorPositioning.Beacon.Bluetooth\IndoorPositioning.Beacon.Bluetooth.csproj", "{10BB7B71-2CF5-4F0B-8E6D-7CE8F994C32F}"
EndProject
Project("{FAE04EC0-301F-11D3-BF4B-00C04F79EFBC}") = "IndoorPositioning.Raspberry.Scanner", "IndoorPositioning.Raspberry.Scanner\IndoorPositioning.Raspberry.Scanner.csproj", "{CC1E2033-E6EF-409B-BFBB-5143429D9A58}"
EndProject
Global
	GlobalSection(SolutionConfigurationPlatforms) = preSolution
		Debug|Any CPU = Debug|Any CPU
		Debug|ARM = Debug|ARM
		Debug|x64 = Debug|x64
		Debug|x86 = Debug|x86
		Release|Any CPU = Release|Any CPU
		Release|ARM = Release|ARM
		Release|x64 = Release|x64
		Release|x86 = Release|x86
	EndGlobalSection
	GlobalSection(ProjectConfigurationPlatforms) = postSolution
		{62BA2DF4-D834-4F68-B87C-A9493E6E9EC6}.Debug|Any CPU.ActiveCfg = Debug|Any CPU
		{62BA2DF4-D834-4F68-B87C-A9493E6E9EC6}.Debug|Any CPU.Build.0 = Debug|Any CPU
		{62BA2DF4-D834-4F68-B87C-A9493E6E9EC6}.Debug|ARM.ActiveCfg = Debug|Any CPU
		{62BA2DF4-D834-4F68-B87C-A9493E6E9EC6}.Debug|ARM.Build.0 = Debug|Any CPU
		{62BA2DF4-D834-4F68-B87C-A9493E6E9EC6}.Debug|x64.ActiveCfg = Debug|Any CPU
		{62BA2DF4-D834-4F68-B87C-A9493E6E9EC6}.Debug|x64.Build.0 = Debug|Any CPU
		{62BA2DF4-D834-4F68-B87C-A9493E6E9EC6}.Debug|x86.ActiveCfg = Debug|Any CPU
		{62BA2DF4-D834-4F68-B87C-A9493E6E9EC6}.Debug|x86.Build.0 = Debug|Any CPU
		{62BA2DF4-D834-4F68-B87C-A9493E6E9EC6}.Release|Any CPU.ActiveCfg = Release|Any CPU
		{62BA2DF4-D834-4F68-B87C-A9493E6E9EC6}.Release|Any CPU.Build.0 = Release|Any CPU
		{62BA2DF4-D834-4F68-B87C-A9493E6E9EC6}.Release|ARM.ActiveCfg = Release|Any CPU
		{62BA2DF4-D834-4F68-B87C-A9493E6E9EC6}.Release|ARM.Build.0 = Release|Any CPU
		{62BA2DF4-D834-4F68-B87C-A9493E6E9EC6}.Release|x64.ActiveCfg = Release|Any CPU
		{62BA2DF4-D834-4F68-B87C-A9493E6E9EC6}.Release|x64.Build.0 = Release|Any CPU
		{62BA2DF4-D834-4F68-B87C-A9493E6E9EC6}.Release|x86.ActiveCfg = Release|Any CPU
		{62BA2DF4-D834-4F68-B87C-A9493E6E9EC6}.Release|x86.Build.0 = Release|Any CPU
		{F3876DE8-9382-436C-9DC1-8D8EE121977E}.Debug|Any CPU.ActiveCfg = Debug|Any CPU
		{F3876DE8-9382-436C-9DC1-8D8EE121977E}.Debug|Any CPU.Build.0 = Debug|Any CPU
		{F3876DE8-9382-436C-9DC1-8D8EE121977E}.Debug|ARM.ActiveCfg = Debug|Any CPU
		{F3876DE8-9382-436C-9DC1-8D8EE121977E}.Debug|ARM.Build.0 = Debug|Any CPU
		{F3876DE8-9382-436C-9DC1-8D8EE121977E}.Debug|x64.ActiveCfg = Debug|Any CPU
		{F3876DE8-9382-436C-9DC1-8D8EE121977E}.Debug|x64.Build.0 = Debug|Any CPU
		{F3876DE8-9382-436C-9DC1-8D8EE121977E}.Debug|x86.ActiveCfg = Debug|Any CPU
		{F3876DE8-9382-436C-9DC1-8D8EE121977E}.Debug|x86.Build.0 = Debug|Any CPU
		{F3876DE8-9382-436C-9DC1-8D8EE121977E}.Release|Any CPU.ActiveCfg = Release|Any CPU
		{F3876DE8-9382-436C-9DC1-8D8EE121977E}.Release|Any CPU.Build.0 = Release|Any CPU
		{F3876DE8-9382-436C-9DC1-8D8EE121977E}.Release|ARM.ActiveCfg = Release|Any CPU
		{F3876DE8-9382-436C-9DC1-8D8EE121977E}.Release|ARM.Build.0 = Release|Any CPU
		{F3876DE8-9382-436C-9DC1-8D8EE121977E}.Release|x64.ActiveCfg = Release|Any CPU
		{F3876DE8-9382-436C-9DC1-8D8EE121977E}.Release|x64.Build.0 = Release|Any CPU
		{F3876DE8-9382-436C-9DC1-8D8EE121977E}.Release|x86.ActiveCfg = Release|Any CPU
		{F3876DE8-9382-436C-9DC1-8D8EE121977E}.Release|x86.Build.0 = Release|Any CPU
		{2CC7D56A-8C37-468C-A854-7380CEA7AD83}.Debug|Any CPU.ActiveCfg = Debug|Any CPU
		{2CC7D56A-8C37-468C-A854-7380CEA7AD83}.Debug|Any CPU.Build.0 = Debug|Any CPU
		{2CC7D56A-8C37-468C-A854-7380CEA7AD83}.Debug|ARM.ActiveCfg = Debug|Any CPU
		{2CC7D56A-8C37-468C-A854-7380CEA7AD83}.Debug|ARM.Build.0 = Debug|Any CPU
		{2CC7D56A-8C37-468C-A854-7380CEA7AD83}.Debug|x64.ActiveCfg = Debug|Any CPU
		{2CC7D56A-8C37-468C-A854-7380CEA7AD83}.Debug|x64.Build.0 = Debug|Any CPU
		{2CC7D56A-8C37-468C-A854-7380CEA7AD83}.Debug|x86.ActiveCfg = Debug|Any CPU
		{2CC7D56A-8C37-468C-A854-7380CEA7AD83}.Debug|x86.Build.0 = Debug|Any CPU
		{2CC7D56A-8C37-468C-A854-7380CEA7AD83}.Release|Any CPU.ActiveCfg = Release|Any CPU
		{2CC7D56A-8C37-468C-A854-7380CEA7AD83}.Release|Any CPU.Build.0 = Release|Any CPU
		{2CC7D56A-8C37-468C-A854-7380CEA7AD83}.Release|ARM.ActiveCfg = Release|Any CPU
		{2CC7D56A-8C37-468C-A854-7380CEA7AD83}.Release|ARM.Build.0 = Release|Any CPU
		{2CC7D56A-8C37-468C-A854-7380CEA7AD83}.Release|x64.ActiveCfg = Release|Any CPU
		{2CC7D56A-8C37-468C-A854-7380CEA7AD83}.Release|x64.Build.0 = Release|Any CPU
		{2CC7D56A-8C37-468C-A854-7380CEA7AD83}.Release|x86.ActiveCfg = Release|Any CPU
		{2CC7D56A-8C37-468C-A854-7380CEA7AD83}.Release|x86.Build.0 = Release|Any CPU
		{10BB7B71-2CF5-4F0B-8E6D-7CE8F994C32F}.Debug|Any CPU.ActiveCfg = Debug|Any CPU
		{10BB7B71-2CF5-4F0B-8E6D-7CE8F994C32F}.Debug|Any CPU.Build.0 = Debug|Any CPU
		{10BB7B71-2CF5-4F0B-8E6D-7CE8F994C32F}.Debug|ARM.ActiveCfg = Debug|ARM
		{10BB7B71-2CF5-4F0B-8E6D-7CE8F994C32F}.Debug|ARM.Build.0 = Debug|ARM
		{10BB7B71-2CF5-4F0B-8E6D-7CE8F994C32F}.Debug|x64.ActiveCfg = Debug|x64
		{10BB7B71-2CF5-4F0B-8E6D-7CE8F994C32F}.Debug|x64.Build.0 = Debug|x64
		{10BB7B71-2CF5-4F0B-8E6D-7CE8F994C32F}.Debug|x86.ActiveCfg = Debug|x86
		{10BB7B71-2CF5-4F0B-8E6D-7CE8F994C32F}.Debug|x86.Build.0 = Debug|x86
		{10BB7B71-2CF5-4F0B-8E6D-7CE8F994C32F}.Release|Any CPU.ActiveCfg = Release|Any CPU
		{10BB7B71-2CF5-4F0B-8E6D-7CE8F994C32F}.Release|Any CPU.Build.0 = Release|Any CPU
		{10BB7B71-2CF5-4F0B-8E6D-7CE8F994C32F}.Release|ARM.ActiveCfg = Release|ARM
		{10BB7B71-2CF5-4F0B-8E6D-7CE8F994C32F}.Release|ARM.Build.0 = Release|ARM
		{10BB7B71-2CF5-4F0B-8E6D-7CE8F994C32F}.Release|x64.ActiveCfg = Release|x64
		{10BB7B71-2CF5-4F0B-8E6D-7CE8F994C32F}.Release|x64.Build.0 = Release|x64
		{10BB7B71-2CF5-4F0B-8E6D-7CE8F994C32F}.Release|x86.ActiveCfg = Release|x86
		{10BB7B71-2CF5-4F0B-8E6D-7CE8F994C32F}.Release|x86.Build.0 = Release|x86
		{CC1E2033-E6EF-409B-BFBB-5143429D9A58}.Debug|Any CPU.ActiveCfg = Debug|x86
		{CC1E2033-E6EF-409B-BFBB-5143429D9A58}.Debug|ARM.ActiveCfg = Debug|ARM
		{CC1E2033-E6EF-409B-BFBB-5143429D9A58}.Debug|ARM.Build.0 = Debug|ARM
		{CC1E2033-E6EF-409B-BFBB-5143429D9A58}.Debug|ARM.Deploy.0 = Debug|ARM
		{CC1E2033-E6EF-409B-BFBB-5143429D9A58}.Debug|x64.ActiveCfg = Debug|x64
		{CC1E2033-E6EF-409B-BFBB-5143429D9A58}.Debug|x64.Build.0 = Debug|x64
		{CC1E2033-E6EF-409B-BFBB-5143429D9A58}.Debug|x64.Deploy.0 = Debug|x64
		{CC1E2033-E6EF-409B-BFBB-5143429D9A58}.Debug|x86.ActiveCfg = Debug|x86
		{CC1E2033-E6EF-409B-BFBB-5143429D9A58}.Debug|x86.Build.0 = Debug|x86
		{CC1E2033-E6EF-409B-BFBB-5143429D9A58}.Debug|x86.Deploy.0 = Debug|x86
		{CC1E2033-E6EF-409B-BFBB-5143429D9A58}.Release|Any CPU.ActiveCfg = Release|x86
		{CC1E2033-E6EF-409B-BFBB-5143429D9A58}.Release|ARM.ActiveCfg = Release|ARM
		{CC1E2033-E6EF-409B-BFBB-5143429D9A58}.Release|ARM.Build.0 = Release|ARM
		{CC1E2033-E6EF-409B-BFBB-5143429D9A58}.Release|ARM.Deploy.0 = Release|ARM
		{CC1E2033-E6EF-409B-BFBB-5143429D9A58}.Release|x64.ActiveCfg = Release|x64
		{CC1E2033-E6EF-409B-BFBB-5143429D9A58}.Release|x64.Build.0 = Release|x64
		{CC1E2033-E6EF-409B-BFBB-5143429D9A58}.Release|x64.Deploy.0 = Release|x64
		{CC1E2033-E6EF-409B-BFBB-5143429D9A58}.Release|x86.ActiveCfg = Release|x86
		{CC1E2033-E6EF-409B-BFBB-5143429D9A58}.Release|x86.Build.0 = Release|x86
		{CC1E2033-E6EF-409B-BFBB-5143429D9A58}.Release|x86.Deploy.0 = Release|x86
	EndGlobalSection
	GlobalSection(SolutionProperties) = preSolution
		HideSolutionNode = FALSE
	EndGlobalSection
	GlobalSection(ExtensibilityGlobals) = postSolution
		SolutionGuid = {D11F9826-CAA6-473A-AFFC-802A3D86A315}
	EndGlobalSection
EndGlobal
